lockfileVersion: '9.0'

settings:
  autoInstallPeers: true
  excludeLinksFromLockfile: false

importers:

  .:
    dependencies:
      react:
        specifier: ^19.1.0
        version: 19.1.0
      react-dom:
        specifier: ^18.0.0
        version: 18.3.1(react@19.1.0)

packages:

  js-tokens@4.0.0:
    resolution: {integrity: sha1-GSA/tZmR35jjoocFDUZHzerzJJk=, tarball: http://rnpm.uyundev.cn/js-tokens/download/js-tokens-4.0.0.tgz}

  loose-envify@1.4.0:
    resolution: {integrity: sha1-ce5R+nvkyuwaY4OffmgtgTLTDK8=, tarball: http://rnpm.uyundev.cn/loose-envify/download/loose-envify-1.4.0.tgz}
    hasBin: true

  react-dom@18.3.1:
    resolution: {integrity: sha1-wiZdeVEbV9R5s90/36UVNklMXLQ=, tarball: http://rnpm.uyundev.cn/react-dom/download/react-dom-18.3.1.tgz}
    peerDependencies:
      react: ^18.3.1

  react@19.1.0:
    resolution: {integrity: sha1-kmhktsSNp2J/AEeV1szlDpB5O3U=, tarball: http://rnpm.uyundev.cn/react/download/react-19.1.0.tgz}
    engines: {node: '>=0.10.0'}

  scheduler@0.23.2:
    resolution: {integrity: sha1-QUumSjsoKJLpRM8hCOzAeNEVzcM=, tarball: http://rnpm.uyundev.cn/scheduler/download/scheduler-0.23.2.tgz}

snapshots:

  js-tokens@4.0.0: {}

  loose-envify@1.4.0:
    dependencies:
      js-tokens: 4.0.0

  react-dom@18.3.1(react@19.1.0):
    dependencies:
      loose-envify: 1.4.0
      react: 19.1.0
      scheduler: 0.23.2

  react@19.1.0: {}

  scheduler@0.23.2:
    dependencies:
      loose-envify: 1.4.0
